
Microsoft Visual Studio Solution File, Format Version 12.00
# Visual Studio 15
VisualStudioVersion = 15.0.26730.16
MinimumVisualStudioVersion = 10.0.40219.1
Project("{FAE04EC0-301F-11D3-BF4B-00C04F79EFBC}") = "1.PractiseIntegerNumbers", "1.PractiseIntegerNumbers\1.PractiseIntegerNumbers.csproj", "{ED195D19-B8FF-4AFA-852C-4A419FA35E8D}"
EndProject
Project("{FAE04EC0-301F-11D3-BF4B-00C04F79EFBC}") = "2.PracticeFloatingPointNumbers", "2.PracticeFloatingPointNumbers\2.PracticeFloatingPointNumbers.csproj", "{4659C4A3-5FC7-474B-B44F-4E7B8A62AE0B}"
EndProject
Project("{FAE04EC0-301F-11D3-BF4B-00C04F79EFBC}") = "3.PracticeCharactersAndStrings", "3.PracticeCharactersAndStrings\3.PracticeCharactersAndStrings.csproj", "{F32D6D65-D2E0-4A29-A2C9-077A6661DDA1}"
EndProject
Project("{FAE04EC0-301F-11D3-BF4B-00C04F79EFBC}") = "4.VariableInHexadecimalFormat", "4.VariableInHexadecimalFormat\4.VariableInHexadecimalFormat.csproj", "{CB88EA73-5AD5-4BDD-9656-5758B2609F1D}"
EndProject
Project("{FAE04EC0-301F-11D3-BF4B-00C04F79EFBC}") = "5.BooleanVariable", "5.BooleanVariable\5.BooleanVariable.csproj", "{E7768F4C-7448-4605-B464-7223BB46536B}"
EndProject
Global
	GlobalSection(SolutionConfigurationPlatforms) = preSolution
		Debug|Any CPU = Debug|Any CPU
		Release|Any CPU = Release|Any CPU
	EndGlobalSection
	GlobalSection(ProjectConfigurationPlatforms) = postSolution
		{ED195D19-B8FF-4AFA-852C-4A419FA35E8D}.Debug|Any CPU.ActiveCfg = Debug|Any CPU
		{ED195D19-B8FF-4AFA-852C-4A419FA35E8D}.Debug|Any CPU.Build.0 = Debug|Any CPU
		{ED195D19-B8FF-4AFA-852C-4A419FA35E8D}.Release|Any CPU.ActiveCfg = Release|Any CPU
		{ED195D19-B8FF-4AFA-852C-4A419FA35E8D}.Release|Any CPU.Build.0 = Release|Any CPU
		{4659C4A3-5FC7-474B-B44F-4E7B8A62AE0B}.Debug|Any CPU.ActiveCfg = Debug|Any CPU
		{4659C4A3-5FC7-474B-B44F-4E7B8A62AE0B}.Debug|Any CPU.Build.0 = Debug|Any CPU
		{4659C4A3-5FC7-474B-B44F-4E7B8A62AE0B}.Release|Any CPU.ActiveCfg = Release|Any CPU
		{4659C4A3-5FC7-474B-B44F-4E7B8A62AE0B}.Release|Any CPU.Build.0 = Release|Any CPU
		{F32D6D65-D2E0-4A29-A2C9-077A6661DDA1}.Debug|Any CPU.ActiveCfg = Debug|Any CPU
		{F32D6D65-D2E0-4A29-A2C9-077A6661DDA1}.Debug|Any CPU.Build.0 = Debug|Any CPU
		{F32D6D65-D2E0-4A29-A2C9-077A6661DDA1}.Release|Any CPU.ActiveCfg = Release|Any CPU
		{F32D6D65-D2E0-4A29-A2C9-077A6661DDA1}.Release|Any CPU.Build.0 = Release|Any CPU
		{CB88EA73-5AD5-4BDD-9656-5758B2609F1D}.Debug|Any CPU.ActiveCfg = Debug|Any CPU
		{CB88EA73-5AD5-4BDD-9656-5758B2609F1D}.Debug|Any CPU.Build.0 = Debug|Any CPU
		{CB88EA73-5AD5-4BDD-9656-5758B2609F1D}.Release|Any CPU.ActiveCfg = Release|Any CPU
		{CB88EA73-5AD5-4BDD-9656-5758B2609F1D}.Release|Any CPU.Build.0 = Release|Any CPU
		{E7768F4C-7448-4605-B464-7223BB46536B}.Debug|Any CPU.ActiveCfg = Debug|Any CPU
		{E7768F4C-7448-4605-B464-7223BB46536B}.Debug|Any CPU.Build.0 = Debug|Any CPU
		{E7768F4C-7448-4605-B464-7223BB46536B}.Release|Any CPU.ActiveCfg = Release|Any CPU
		{E7768F4C-7448-4605-B464-7223BB46536B}.Release|Any CPU.Build.0 = Release|Any CPU
	EndGlobalSection
	GlobalSection(SolutionProperties) = preSolution
		HideSolutionNode = FALSE
	EndGlobalSection
	GlobalSection(ExtensibilityGlobals) = postSolution
		SolutionGuid = {F69A0133-7C45-4D5C-9424-09C9A543940C}
	EndGlobalSection
EndGlobal
