
Microsoft Visual Studio Solution File, Format Version 12.00
# Visual Studio 15
VisualStudioVersion = 15.0.26730.12
MinimumVisualStudioVersion = 10.0.40219.1
Project("{FAE04EC0-301F-11D3-BF4B-00C04F79EFBC}") = "SolutionOne", "SolutionOne\SolutionOne.csproj", "{0C5D46BB-686F-4456-ACC4-4C0C976758BE}"
EndProject
Project("{FAE04EC0-301F-11D3-BF4B-00C04F79EFBC}") = "SolutionTwo", "SolutionTwo\SolutionTwo.csproj", "{7CD16414-3DEF-4252-8D19-D31AFBA38C5D}"
EndProject
Project("{FAE04EC0-301F-11D3-BF4B-00C04F79EFBC}") = "ExamOne", "ExamOne\ExamOne.csproj", "{CA42E83C-989B-4838-BA13-91618EE0DB9F}"
EndProject
Global
	GlobalSection(SolutionConfigurationPlatforms) = preSolution
		Debug|Any CPU = Debug|Any CPU
		Release|Any CPU = Release|Any CPU
	EndGlobalSection
	GlobalSection(ProjectConfigurationPlatforms) = postSolution
		{0C5D46BB-686F-4456-ACC4-4C0C976758BE}.Debug|Any CPU.ActiveCfg = Debug|Any CPU
		{0C5D46BB-686F-4456-ACC4-4C0C976758BE}.Debug|Any CPU.Build.0 = Debug|Any CPU
		{0C5D46BB-686F-4456-ACC4-4C0C976758BE}.Release|Any CPU.ActiveCfg = Release|Any CPU
		{0C5D46BB-686F-4456-ACC4-4C0C976758BE}.Release|Any CPU.Build.0 = Release|Any CPU
		{7CD16414-3DEF-4252-8D19-D31AFBA38C5D}.Debug|Any CPU.ActiveCfg = Debug|Any CPU
		{7CD16414-3DEF-4252-8D19-D31AFBA38C5D}.Debug|Any CPU.Build.0 = Debug|Any CPU
		{7CD16414-3DEF-4252-8D19-D31AFBA38C5D}.Release|Any CPU.ActiveCfg = Release|Any CPU
		{7CD16414-3DEF-4252-8D19-D31AFBA38C5D}.Release|Any CPU.Build.0 = Release|Any CPU
		{CA42E83C-989B-4838-BA13-91618EE0DB9F}.Debug|Any CPU.ActiveCfg = Debug|Any CPU
		{CA42E83C-989B-4838-BA13-91618EE0DB9F}.Debug|Any CPU.Build.0 = Debug|Any CPU
		{CA42E83C-989B-4838-BA13-91618EE0DB9F}.Release|Any CPU.ActiveCfg = Release|Any CPU
		{CA42E83C-989B-4838-BA13-91618EE0DB9F}.Release|Any CPU.Build.0 = Release|Any CPU
	EndGlobalSection
	GlobalSection(SolutionProperties) = preSolution
		HideSolutionNode = FALSE
	EndGlobalSection
	GlobalSection(ExtensibilityGlobals) = postSolution
		SolutionGuid = {373DF0A5-52F0-4FAB-814C-52BA9BD93CCF}
	EndGlobalSection
EndGlobal
