
Microsoft Visual Studio Solution File, Format Version 12.00
# Visual Studio 15
VisualStudioVersion = 15.0.27004.2002
MinimumVisualStudioVersion = 10.0.40219.1
Project("{FAE04EC0-301F-11D3-BF4B-00C04F79EFBC}") = "01.CountRealNumbers", "01.CountRealNumbers\01.CountRealNumbers.csproj", "{0063586B-8B9C-44AA-A555-1E783F52F939}"
EndProject
Project("{FAE04EC0-301F-11D3-BF4B-00C04F79EFBC}") = "02.OddOccurrences", "02.OddOccurrences\02.OddOccurrences.csproj", "{0478345B-61AE-4B67-9C6C-8823D349DCB5}"
EndProject
Global
	GlobalSection(SolutionConfigurationPlatforms) = preSolution
		Debug|Any CPU = Debug|Any CPU
		Release|Any CPU = Release|Any CPU
	EndGlobalSection
	GlobalSection(ProjectConfigurationPlatforms) = postSolution
		{0063586B-8B9C-44AA-A555-1E783F52F939}.Debug|Any CPU.ActiveCfg = Debug|Any CPU
		{0063586B-8B9C-44AA-A555-1E783F52F939}.Debug|Any CPU.Build.0 = Debug|Any CPU
		{0063586B-8B9C-44AA-A555-1E783F52F939}.Release|Any CPU.ActiveCfg = Release|Any CPU
		{0063586B-8B9C-44AA-A555-1E783F52F939}.Release|Any CPU.Build.0 = Release|Any CPU
		{0478345B-61AE-4B67-9C6C-8823D349DCB5}.Debug|Any CPU.ActiveCfg = Debug|Any CPU
		{0478345B-61AE-4B67-9C6C-8823D349DCB5}.Debug|Any CPU.Build.0 = Debug|Any CPU
		{0478345B-61AE-4B67-9C6C-8823D349DCB5}.Release|Any CPU.ActiveCfg = Release|Any CPU
		{0478345B-61AE-4B67-9C6C-8823D349DCB5}.Release|Any CPU.Build.0 = Release|Any CPU
	EndGlobalSection
	GlobalSection(SolutionProperties) = preSolution
		HideSolutionNode = FALSE
	EndGlobalSection
	GlobalSection(ExtensibilityGlobals) = postSolution
		SolutionGuid = {5E8EEA49-FC7C-4E2F-8F57-A59419F55A8F}
	EndGlobalSection
EndGlobal
