
Microsoft Visual Studio Solution File, Format Version 12.00
# Visual Studio 15
VisualStudioVersion = 15.0.27004.2002
MinimumVisualStudioVersion = 10.0.40219.1
Project("{FAE04EC0-301F-11D3-BF4B-00C04F79EFBC}") = "01.MostFrequentNumber", "01.MostFrequentNumber\01.MostFrequentNumber.csproj", "{F83FF9F1-E91A-4F62-A12E-CE56F9281D32}"
EndProject
Project("{FAE04EC0-301F-11D3-BF4B-00C04F79EFBC}") = "02.IndexOfLetters", "02.IndexOfLetters\02.IndexOfLetters.csproj", "{8AEB9F99-B379-450D-8C70-703E73DED426}"
EndProject
Project("{FAE04EC0-301F-11D3-BF4B-00C04F79EFBC}") = "03.EqualSums", "03.EqualSums\03.EqualSums.csproj", "{5C638AD7-0151-47A4-B2CE-03A895375DD3}"
EndProject
Project("{FAE04EC0-301F-11D3-BF4B-00C04F79EFBC}") = "04.MaxSequenceOfEqualElements", "04.MaxSequenceOfEqualElements\04.MaxSequenceOfEqualElements.csproj", "{D9784673-54C5-4181-92B2-9369A1C804DD}"
EndProject
Project("{FAE04EC0-301F-11D3-BF4B-00C04F79EFBC}") = "05.A_MinerTask", "05.A_MinerTask\05.A_MinerTask.csproj", "{CB698362-AFCE-4BCC-A95C-3B6E68F90F1F}"
EndProject
Project("{FAE04EC0-301F-11D3-BF4B-00C04F79EFBC}") = "06.FixEmails", "06.FixEmails\06.FixEmails.csproj", "{6B2C8D0D-C91E-4001-AA97-9F5EDB859CBB}"
EndProject
Project("{FAE04EC0-301F-11D3-BF4B-00C04F79EFBC}") = "07.AdvertisementMessage", "07.AdvertisementMessage\07.AdvertisementMessage.csproj", "{E6F1DC10-48D2-4832-9D9F-04F1DB81E16C}"
EndProject
Project("{FAE04EC0-301F-11D3-BF4B-00C04F79EFBC}") = "08.AverageGrades", "08.AverageGrades\08.AverageGrades.csproj", "{CF6B5D77-A60F-422E-AAD8-DC84D87BEE75}"
EndProject
Project("{FAE04EC0-301F-11D3-BF4B-00C04F79EFBC}") = "09.BookLibrary", "09.BookLibrary\09.BookLibrary.csproj", "{FA60FA2D-F08F-4D2F-A08A-FA91972A1253}"
EndProject
Project("{FAE04EC0-301F-11D3-BF4B-00C04F79EFBC}") = "10.BookLibraryModification", "10.BookLibraryModification\10.BookLibraryModification.csproj", "{0DB1364C-C64A-42AA-A324-C7FD4A9D93C9}"
EndProject
Global
	GlobalSection(SolutionConfigurationPlatforms) = preSolution
		Debug|Any CPU = Debug|Any CPU
		Release|Any CPU = Release|Any CPU
	EndGlobalSection
	GlobalSection(ProjectConfigurationPlatforms) = postSolution
		{F83FF9F1-E91A-4F62-A12E-CE56F9281D32}.Debug|Any CPU.ActiveCfg = Debug|Any CPU
		{F83FF9F1-E91A-4F62-A12E-CE56F9281D32}.Debug|Any CPU.Build.0 = Debug|Any CPU
		{F83FF9F1-E91A-4F62-A12E-CE56F9281D32}.Release|Any CPU.ActiveCfg = Release|Any CPU
		{F83FF9F1-E91A-4F62-A12E-CE56F9281D32}.Release|Any CPU.Build.0 = Release|Any CPU
		{8AEB9F99-B379-450D-8C70-703E73DED426}.Debug|Any CPU.ActiveCfg = Debug|Any CPU
		{8AEB9F99-B379-450D-8C70-703E73DED426}.Debug|Any CPU.Build.0 = Debug|Any CPU
		{8AEB9F99-B379-450D-8C70-703E73DED426}.Release|Any CPU.ActiveCfg = Release|Any CPU
		{8AEB9F99-B379-450D-8C70-703E73DED426}.Release|Any CPU.Build.0 = Release|Any CPU
		{5C638AD7-0151-47A4-B2CE-03A895375DD3}.Debug|Any CPU.ActiveCfg = Debug|Any CPU
		{5C638AD7-0151-47A4-B2CE-03A895375DD3}.Debug|Any CPU.Build.0 = Debug|Any CPU
		{5C638AD7-0151-47A4-B2CE-03A895375DD3}.Release|Any CPU.ActiveCfg = Release|Any CPU
		{5C638AD7-0151-47A4-B2CE-03A895375DD3}.Release|Any CPU.Build.0 = Release|Any CPU
		{D9784673-54C5-4181-92B2-9369A1C804DD}.Debug|Any CPU.ActiveCfg = Debug|Any CPU
		{D9784673-54C5-4181-92B2-9369A1C804DD}.Debug|Any CPU.Build.0 = Debug|Any CPU
		{D9784673-54C5-4181-92B2-9369A1C804DD}.Release|Any CPU.ActiveCfg = Release|Any CPU
		{D9784673-54C5-4181-92B2-9369A1C804DD}.Release|Any CPU.Build.0 = Release|Any CPU
		{CB698362-AFCE-4BCC-A95C-3B6E68F90F1F}.Debug|Any CPU.ActiveCfg = Debug|Any CPU
		{CB698362-AFCE-4BCC-A95C-3B6E68F90F1F}.Debug|Any CPU.Build.0 = Debug|Any CPU
		{CB698362-AFCE-4BCC-A95C-3B6E68F90F1F}.Release|Any CPU.ActiveCfg = Release|Any CPU
		{CB698362-AFCE-4BCC-A95C-3B6E68F90F1F}.Release|Any CPU.Build.0 = Release|Any CPU
		{6B2C8D0D-C91E-4001-AA97-9F5EDB859CBB}.Debug|Any CPU.ActiveCfg = Debug|Any CPU
		{6B2C8D0D-C91E-4001-AA97-9F5EDB859CBB}.Debug|Any CPU.Build.0 = Debug|Any CPU
		{6B2C8D0D-C91E-4001-AA97-9F5EDB859CBB}.Release|Any CPU.ActiveCfg = Release|Any CPU
		{6B2C8D0D-C91E-4001-AA97-9F5EDB859CBB}.Release|Any CPU.Build.0 = Release|Any CPU
		{E6F1DC10-48D2-4832-9D9F-04F1DB81E16C}.Debug|Any CPU.ActiveCfg = Debug|Any CPU
		{E6F1DC10-48D2-4832-9D9F-04F1DB81E16C}.Debug|Any CPU.Build.0 = Debug|Any CPU
		{E6F1DC10-48D2-4832-9D9F-04F1DB81E16C}.Release|Any CPU.ActiveCfg = Release|Any CPU
		{E6F1DC10-48D2-4832-9D9F-04F1DB81E16C}.Release|Any CPU.Build.0 = Release|Any CPU
		{CF6B5D77-A60F-422E-AAD8-DC84D87BEE75}.Debug|Any CPU.ActiveCfg = Debug|Any CPU
		{CF6B5D77-A60F-422E-AAD8-DC84D87BEE75}.Debug|Any CPU.Build.0 = Debug|Any CPU
		{CF6B5D77-A60F-422E-AAD8-DC84D87BEE75}.Release|Any CPU.ActiveCfg = Release|Any CPU
		{CF6B5D77-A60F-422E-AAD8-DC84D87BEE75}.Release|Any CPU.Build.0 = Release|Any CPU
		{FA60FA2D-F08F-4D2F-A08A-FA91972A1253}.Debug|Any CPU.ActiveCfg = Debug|Any CPU
		{FA60FA2D-F08F-4D2F-A08A-FA91972A1253}.Debug|Any CPU.Build.0 = Debug|Any CPU
		{FA60FA2D-F08F-4D2F-A08A-FA91972A1253}.Release|Any CPU.ActiveCfg = Release|Any CPU
		{FA60FA2D-F08F-4D2F-A08A-FA91972A1253}.Release|Any CPU.Build.0 = Release|Any CPU
		{0DB1364C-C64A-42AA-A324-C7FD4A9D93C9}.Debug|Any CPU.ActiveCfg = Debug|Any CPU
		{0DB1364C-C64A-42AA-A324-C7FD4A9D93C9}.Debug|Any CPU.Build.0 = Debug|Any CPU
		{0DB1364C-C64A-42AA-A324-C7FD4A9D93C9}.Release|Any CPU.ActiveCfg = Release|Any CPU
		{0DB1364C-C64A-42AA-A324-C7FD4A9D93C9}.Release|Any CPU.Build.0 = Release|Any CPU
	EndGlobalSection
	GlobalSection(SolutionProperties) = preSolution
		HideSolutionNode = FALSE
	EndGlobalSection
	GlobalSection(ExtensibilityGlobals) = postSolution
		SolutionGuid = {41D63162-531D-4BAB-A48D-36BB6BFAA636}
	EndGlobalSection
EndGlobal
