
Microsoft Visual Studio Solution File, Format Version 12.00
# Visual Studio 15
VisualStudioVersion = 15.0.27004.2002
MinimumVisualStudioVersion = 10.0.40219.1
Project("{FAE04EC0-301F-11D3-BF4B-00C04F79EFBC}") = "01.Phonebook", "01.Phonebook\01.Phonebook.csproj", "{62B505C6-07A1-4F32-A6F8-92DF5861129A}"
EndProject
Project("{FAE04EC0-301F-11D3-BF4B-00C04F79EFBC}") = "02.Phonebook Upgrade", "02.Phonebook Upgrade\02.Phonebook Upgrade.csproj", "{BACF9A8B-2A13-4BF1-88AE-0A1A3770DFB6}"
EndProject
Project("{FAE04EC0-301F-11D3-BF4B-00C04F79EFBC}") = "03.A_MinerTask", "03.A_MinerTask\03.A_MinerTask.csproj", "{D4362CFE-7571-4A0B-BAEB-7AA87DBB49E6}"
EndProject
Project("{FAE04EC0-301F-11D3-BF4B-00C04F79EFBC}") = "04.FixEmails", "04.FixEmails\04.FixEmails.csproj", "{DBF0CD2B-FBA4-40DF-9E6F-4BECCBA5937B}"
EndProject
Project("{FAE04EC0-301F-11D3-BF4B-00C04F79EFBC}") = "05.HandsOfCards", "05.HandsOfCards\05.HandsOfCards.csproj", "{6C3CCDE7-5B57-4CA5-845C-2319ABDF5CB8}"
EndProject
Global
	GlobalSection(SolutionConfigurationPlatforms) = preSolution
		Debug|Any CPU = Debug|Any CPU
		Release|Any CPU = Release|Any CPU
	EndGlobalSection
	GlobalSection(ProjectConfigurationPlatforms) = postSolution
		{62B505C6-07A1-4F32-A6F8-92DF5861129A}.Debug|Any CPU.ActiveCfg = Debug|Any CPU
		{62B505C6-07A1-4F32-A6F8-92DF5861129A}.Debug|Any CPU.Build.0 = Debug|Any CPU
		{62B505C6-07A1-4F32-A6F8-92DF5861129A}.Release|Any CPU.ActiveCfg = Release|Any CPU
		{62B505C6-07A1-4F32-A6F8-92DF5861129A}.Release|Any CPU.Build.0 = Release|Any CPU
		{BACF9A8B-2A13-4BF1-88AE-0A1A3770DFB6}.Debug|Any CPU.ActiveCfg = Debug|Any CPU
		{BACF9A8B-2A13-4BF1-88AE-0A1A3770DFB6}.Debug|Any CPU.Build.0 = Debug|Any CPU
		{BACF9A8B-2A13-4BF1-88AE-0A1A3770DFB6}.Release|Any CPU.ActiveCfg = Release|Any CPU
		{BACF9A8B-2A13-4BF1-88AE-0A1A3770DFB6}.Release|Any CPU.Build.0 = Release|Any CPU
		{D4362CFE-7571-4A0B-BAEB-7AA87DBB49E6}.Debug|Any CPU.ActiveCfg = Debug|Any CPU
		{D4362CFE-7571-4A0B-BAEB-7AA87DBB49E6}.Debug|Any CPU.Build.0 = Debug|Any CPU
		{D4362CFE-7571-4A0B-BAEB-7AA87DBB49E6}.Release|Any CPU.ActiveCfg = Release|Any CPU
		{D4362CFE-7571-4A0B-BAEB-7AA87DBB49E6}.Release|Any CPU.Build.0 = Release|Any CPU
		{DBF0CD2B-FBA4-40DF-9E6F-4BECCBA5937B}.Debug|Any CPU.ActiveCfg = Debug|Any CPU
		{DBF0CD2B-FBA4-40DF-9E6F-4BECCBA5937B}.Debug|Any CPU.Build.0 = Debug|Any CPU
		{DBF0CD2B-FBA4-40DF-9E6F-4BECCBA5937B}.Release|Any CPU.ActiveCfg = Release|Any CPU
		{DBF0CD2B-FBA4-40DF-9E6F-4BECCBA5937B}.Release|Any CPU.Build.0 = Release|Any CPU
		{6C3CCDE7-5B57-4CA5-845C-2319ABDF5CB8}.Debug|Any CPU.ActiveCfg = Debug|Any CPU
		{6C3CCDE7-5B57-4CA5-845C-2319ABDF5CB8}.Debug|Any CPU.Build.0 = Debug|Any CPU
		{6C3CCDE7-5B57-4CA5-845C-2319ABDF5CB8}.Release|Any CPU.ActiveCfg = Release|Any CPU
		{6C3CCDE7-5B57-4CA5-845C-2319ABDF5CB8}.Release|Any CPU.Build.0 = Release|Any CPU
	EndGlobalSection
	GlobalSection(SolutionProperties) = preSolution
		HideSolutionNode = FALSE
	EndGlobalSection
	GlobalSection(ExtensibilityGlobals) = postSolution
		SolutionGuid = {A54D2D97-9BD9-44F9-B765-6F8556785A3B}
	EndGlobalSection
EndGlobal
