
Microsoft Visual Studio Solution File, Format Version 12.00
# Visual Studio 15
VisualStudioVersion = 15.0.27004.2002
MinimumVisualStudioVersion = 10.0.40219.1
Project("{FAE04EC0-301F-11D3-BF4B-00C04F79EFBC}") = "01.RemoveNegativesAndReverse", "01.RemoveNegativesAndReverse\01.RemoveNegativesAndReverse.csproj", "{989667FE-79D4-405D-8FAD-18373234608B}"
EndProject
Project("{FAE04EC0-301F-11D3-BF4B-00C04F79EFBC}") = "02.AppendLists", "02.AppendLists\02.AppendLists.csproj", "{7783B125-8420-4E2B-A691-82F48FF7D20A}"
EndProject
Global
	GlobalSection(SolutionConfigurationPlatforms) = preSolution
		Debug|Any CPU = Debug|Any CPU
		Release|Any CPU = Release|Any CPU
	EndGlobalSection
	GlobalSection(ProjectConfigurationPlatforms) = postSolution
		{989667FE-79D4-405D-8FAD-18373234608B}.Debug|Any CPU.ActiveCfg = Debug|Any CPU
		{989667FE-79D4-405D-8FAD-18373234608B}.Debug|Any CPU.Build.0 = Debug|Any CPU
		{989667FE-79D4-405D-8FAD-18373234608B}.Release|Any CPU.ActiveCfg = Release|Any CPU
		{989667FE-79D4-405D-8FAD-18373234608B}.Release|Any CPU.Build.0 = Release|Any CPU
		{7783B125-8420-4E2B-A691-82F48FF7D20A}.Debug|Any CPU.ActiveCfg = Debug|Any CPU
		{7783B125-8420-4E2B-A691-82F48FF7D20A}.Debug|Any CPU.Build.0 = Debug|Any CPU
		{7783B125-8420-4E2B-A691-82F48FF7D20A}.Release|Any CPU.ActiveCfg = Release|Any CPU
		{7783B125-8420-4E2B-A691-82F48FF7D20A}.Release|Any CPU.Build.0 = Release|Any CPU
	EndGlobalSection
	GlobalSection(SolutionProperties) = preSolution
		HideSolutionNode = FALSE
	EndGlobalSection
	GlobalSection(ExtensibilityGlobals) = postSolution
		SolutionGuid = {54EC194E-54E5-4F8A-86F9-7A9F7DBCF653}
	EndGlobalSection
EndGlobal
